// !$*UTF8*$!
{
	archiveVersion = 1;
	classes = {
	};
	objectVersion = 50;
	objects = {

/* Begin PBXBuildFile section */
		00FDEAF65AC4420B2A39AF12 /* Pods_DySi_Open.framework in Frameworks */ = {isa = PBXBuildFile; fileRef = AB22981C0682E7E39DD89A58 /* Pods_DySi_Open.framework */; };
		BB09C96F209E7C6100735F83 /* DySiDataManager.swift in Sources */ = {isa = PBXBuildFile; fileRef = BB09C96E209E7C6100735F83 /* DySiDataManager.swift */; };
		BB09C971209E7D4300735F83 /* DySiPost.swift in Sources */ = {isa = PBXBuildFile; fileRef = BB09C970209E7D4300735F83 /* DySiPost.swift */; };
		BB09C973209E7EB200735F83 /* AllPostsViewController.swift in Sources */ = {isa = PBXBuildFile; fileRef = BB09C972209E7EB200735F83 /* AllPostsViewController.swift */; };
		BB09C975209E7F1A00735F83 /* AllPostsTableViewModel.swift in Sources */ = {isa = PBXBuildFile; fileRef = BB09C974209E7F1A00735F83 /* AllPostsTableViewModel.swift */; };
		BB09C978209E85FF00735F83 /* DySiPostAuthor.swift in Sources */ = {isa = PBXBuildFile; fileRef = BB09C977209E85FF00735F83 /* DySiPostAuthor.swift */; };
		BB467D85209D039D008E2331 /* AppDelegate.swift in Sources */ = {isa = PBXBuildFile; fileRef = BB467D84209D039D008E2331 /* AppDelegate.swift */; };
		BB467D8C209D039E008E2331 /* Assets.xcassets in Resources */ = {isa = PBXBuildFile; fileRef = BB467D8B209D039E008E2331 /* Assets.xcassets */; };
		BB467D8F209D039E008E2331 /* LaunchScreen.storyboard in Resources */ = {isa = PBXBuildFile; fileRef = BB467D8D209D039E008E2331 /* LaunchScreen.storyboard */; };
		BBAC8FAC209F770300657561 /* Constants.swift in Sources */ = {isa = PBXBuildFile; fileRef = BBAC8FAB209F770300657561 /* Constants.swift */; };
		BBAC8FAF209F841400657561 /* UIImage.swift in Sources */ = {isa = PBXBuildFile; fileRef = BBAC8FAE209F841400657561 /* UIImage.swift */; };
		BBAC8FB1209F86D900657561 /* PostTableNodeCell.swift in Sources */ = {isa = PBXBuildFile; fileRef = BBAC8FB0209F86D900657561 /* PostTableNodeCell.swift */; };
		BBAC8FB3209FDEB500657561 /* PostInWebViewController.swift in Sources */ = {isa = PBXBuildFile; fileRef = BBAC8FB2209FDEB500657561 /* PostInWebViewController.swift */; };
		BBAC8FB5209FF31C00657561 /* UIViewController.swift in Sources */ = {isa = PBXBuildFile; fileRef = BBAC8FB4209FF31C00657561 /* UIViewController.swift */; };
		BBAC8FB8209FF5AA00657561 /* Connectivity.swift in Sources */ = {isa = PBXBuildFile; fileRef = BBAC8FB7209FF5AA00657561 /* Connectivity.swift */; };
/* End PBXBuildFile section */

/* Begin PBXFileReference section */
		709A63699546813020582F76 /* Pods-DySi Open.release.xcconfig */ = {isa = PBXFileReference; includeInIndex = 1; lastKnownFileType = text.xcconfig; name = "Pods-DySi Open.release.xcconfig"; path = "Pods/Target Support Files/Pods-DySi Open/Pods-DySi Open.release.xcconfig"; sourceTree = "<group>"; };
		AB22981C0682E7E39DD89A58 /* Pods_DySi_Open.framework */ = {isa = PBXFileReference; explicitFileType = wrapper.framework; includeInIndex = 0; path = Pods_DySi_Open.framework; sourceTree = BUILT_PRODUCTS_DIR; };
		BB09C96E209E7C6100735F83 /* DySiDataManager.swift */ = {isa = PBXFileReference; lastKnownFileType = sourcecode.swift; path = DySiDataManager.swift; sourceTree = "<group>"; };
		BB09C970209E7D4300735F83 /* DySiPost.swift */ = {isa = PBXFileReference; lastKnownFileType = sourcecode.swift; path = DySiPost.swift; sourceTree = "<group>"; };
		BB09C972209E7EB200735F83 /* AllPostsViewController.swift */ = {isa = PBXFileReference; lastKnownFileType = sourcecode.swift; path = AllPostsViewController.swift; sourceTree = "<group>"; };
		BB09C974209E7F1A00735F83 /* AllPostsTableViewModel.swift */ = {isa = PBXFileReference; lastKnownFileType = sourcecode.swift; path = AllPostsTableViewModel.swift; sourceTree = "<group>"; };
		BB09C977209E85FF00735F83 /* DySiPostAuthor.swift */ = {isa = PBXFileReference; lastKnownFileType = sourcecode.swift; path = DySiPostAuthor.swift; sourceTree = "<group>"; };
		BB467D81209D039D008E2331 /* DySi Open.app */ = {isa = PBXFileReference; explicitFileType = wrapper.application; includeInIndex = 0; path = "DySi Open.app"; sourceTree = BUILT_PRODUCTS_DIR; };
		BB467D84209D039D008E2331 /* AppDelegate.swift */ = {isa = PBXFileReference; lastKnownFileType = sourcecode.swift; path = AppDelegate.swift; sourceTree = "<group>"; };
		BB467D8B209D039E008E2331 /* Assets.xcassets */ = {isa = PBXFileReference; lastKnownFileType = folder.assetcatalog; path = Assets.xcassets; sourceTree = "<group>"; };
		BB467D8E209D039E008E2331 /* Base */ = {isa = PBXFileReference; lastKnownFileType = file.storyboard; name = Base; path = Base.lproj/LaunchScreen.storyboard; sourceTree = "<group>"; };
		BB467D90209D039E008E2331 /* Info.plist */ = {isa = PBXFileReference; lastKnownFileType = text.plist.xml; path = Info.plist; sourceTree = "<group>"; };
		BBAC8FAB209F770300657561 /* Constants.swift */ = {isa = PBXFileReference; lastKnownFileType = sourcecode.swift; path = Constants.swift; sourceTree = "<group>"; };
		BBAC8FAE209F841400657561 /* UIImage.swift */ = {isa = PBXFileReference; lastKnownFileType = sourcecode.swift; path = UIImage.swift; sourceTree = "<group>"; };
		BBAC8FB0209F86D900657561 /* PostTableNodeCell.swift */ = {isa = PBXFileReference; lastKnownFileType = sourcecode.swift; path = PostTableNodeCell.swift; sourceTree = "<group>"; };
		BBAC8FB2209FDEB500657561 /* PostInWebViewController.swift */ = {isa = PBXFileReference; lastKnownFileType = sourcecode.swift; path = PostInWebViewController.swift; sourceTree = "<group>"; };
		BBAC8FB4209FF31C00657561 /* UIViewController.swift */ = {isa = PBXFileReference; lastKnownFileType = sourcecode.swift; path = UIViewController.swift; sourceTree = "<group>"; };
		BBAC8FB7209FF5AA00657561 /* Connectivity.swift */ = {isa = PBXFileReference; lastKnownFileType = sourcecode.swift; path = Connectivity.swift; sourceTree = "<group>"; };
		ECB8EC86F433885CE1F38424 /* Pods-DySi Open.debug.xcconfig */ = {isa = PBXFileReference; includeInIndex = 1; lastKnownFileType = text.xcconfig; name = "Pods-DySi Open.debug.xcconfig"; path = "Pods/Target Support Files/Pods-DySi Open/Pods-DySi Open.debug.xcconfig"; sourceTree = "<group>"; };
/* End PBXFileReference section */

/* Begin PBXFrameworksBuildPhase section */
		BB467D7E209D039D008E2331 /* Frameworks */ = {
			isa = PBXFrameworksBuildPhase;
			buildActionMask = 2147483647;
			files = (
				00FDEAF65AC4420B2A39AF12 /* Pods_DySi_Open.framework in Frameworks */,
			);
			runOnlyForDeploymentPostprocessing = 0;
		};
/* End PBXFrameworksBuildPhase section */

/* Begin PBXGroup section */
		2438FEC6B770AC0125517710 /* Frameworks */ = {
			isa = PBXGroup;
			children = (
				AB22981C0682E7E39DD89A58 /* Pods_DySi_Open.framework */,
			);
			name = Frameworks;
			sourceTree = "<group>";
		};
		6255412342D32B5091B001D1 /* Pods */ = {
			isa = PBXGroup;
			children = (
				ECB8EC86F433885CE1F38424 /* Pods-DySi Open.debug.xcconfig */,
				709A63699546813020582F76 /* Pods-DySi Open.release.xcconfig */,
			);
			name = Pods;
			sourceTree = "<group>";
		};
		BB09C96A209E7B7500735F83 /* ViewControllers */ = {
			isa = PBXGroup;
			children = (
				BB09C96C209E7B8400735F83 /* ViewModels */,
				BB09C972209E7EB200735F83 /* AllPostsViewController.swift */,
				BBAC8FB2209FDEB500657561 /* PostInWebViewController.swift */,
			);
			path = ViewControllers;
			sourceTree = "<group>";
		};
		BB09C96B209E7B7D00735F83 /* Models */ = {
			isa = PBXGroup;
			children = (
				BB09C970209E7D4300735F83 /* DySiPost.swift */,
				BB09C977209E85FF00735F83 /* DySiPostAuthor.swift */,
			);
			path = Models;
			sourceTree = "<group>";
		};
		BB09C96C209E7B8400735F83 /* ViewModels */ = {
			isa = PBXGroup;
			children = (
				BB09C974209E7F1A00735F83 /* AllPostsTableViewModel.swift */,
			);
			path = ViewModels;
			sourceTree = "<group>";
		};
		BB09C96D209E7C4900735F83 /* Managers */ = {
			isa = PBXGroup;
			children = (
				BB09C96E209E7C6100735F83 /* DySiDataManager.swift */,
			);
			path = Managers;
			sourceTree = "<group>";
		};
		BB09C976209E806C00735F83 /* Views */ = {
			isa = PBXGroup;
			children = (
				BBAC8FB0209F86D900657561 /* PostTableNodeCell.swift */,
			);
			path = Views;
			sourceTree = "<group>";
		};
		BB467D78209D039D008E2331 = {
			isa = PBXGroup;
			children = (
				BB467D83209D039D008E2331 /* DySi Open */,
				BB467D82209D039D008E2331 /* Products */,
				6255412342D32B5091B001D1 /* Pods */,
				2438FEC6B770AC0125517710 /* Frameworks */,
			);
			sourceTree = "<group>";
		};
		BB467D82209D039D008E2331 /* Products */ = {
			isa = PBXGroup;
			children = (
				BB467D81209D039D008E2331 /* DySi Open.app */,
			);
			name = Products;
			sourceTree = "<group>";
		};
		BB467D83209D039D008E2331 /* DySi Open */ = {
			isa = PBXGroup;
			children = (
				BBAC8FB6209FF59E00657561 /* Utils */,
				BBAC8FAD209F83C000657561 /* Extensions */,
				BB09C976209E806C00735F83 /* Views */,
				BB09C96D209E7C4900735F83 /* Managers */,
				BB09C96B209E7B7D00735F83 /* Models */,
				BB09C96A209E7B7500735F83 /* ViewControllers */,
				BB467D84209D039D008E2331 /* AppDelegate.swift */,
				BB467D8B209D039E008E2331 /* Assets.xcassets */,
				BB467D8D209D039E008E2331 /* LaunchScreen.storyboard */,
				BB467D90209D039E008E2331 /* Info.plist */,
				BBAC8FAB209F770300657561 /* Constants.swift */,
			);
			path = "DySi Open";
			sourceTree = "<group>";
		};
		BBAC8FAD209F83C000657561 /* Extensions */ = {
			isa = PBXGroup;
			children = (
				BBAC8FAE209F841400657561 /* UIImage.swift */,
				BBAC8FB4209FF31C00657561 /* UIViewController.swift */,
			);
			path = Extensions;
			sourceTree = "<group>";
		};
		BBAC8FB6209FF59E00657561 /* Utils */ = {
			isa = PBXGroup;
			children = (
				BBAC8FB7209FF5AA00657561 /* Connectivity.swift */,
			);
			path = Utils;
			sourceTree = "<group>";
		};
/* End PBXGroup section */

/* Begin PBXNativeTarget section */
		BB467D80209D039D008E2331 /* DySi Open */ = {
			isa = PBXNativeTarget;
			buildConfigurationList = BB467D93209D039E008E2331 /* Build configuration list for PBXNativeTarget "DySi Open" */;
			buildPhases = (
				DE4660C3670ADCD96E85BEBE /* [CP] Check Pods Manifest.lock */,
				BB467D7D209D039D008E2331 /* Sources */,
				BB467D7E209D039D008E2331 /* Frameworks */,
				BB467D7F209D039D008E2331 /* Resources */,
				632C39F6B21417313336E660 /* [CP] Embed Pods Frameworks */,
				2F1DCAAD98EDB7D2C2D905C7 /* [CP] Copy Pods Resources */,
			);
			buildRules = (
			);
			dependencies = (
			);
			name = "DySi Open";
			productName = "DySi Open";
			productReference = BB467D81209D039D008E2331 /* DySi Open.app */;
			productType = "com.apple.product-type.application";
		};
/* End PBXNativeTarget section */

/* Begin PBXProject section */
		BB467D79209D039D008E2331 /* Project object */ = {
			isa = PBXProject;
			attributes = {
				LastSwiftUpdateCheck = 0930;
				LastUpgradeCheck = 0930;
				ORGANIZATIONNAME = "Samman Labs";
				TargetAttributes = {
					BB467D80209D039D008E2331 = {
						CreatedOnToolsVersion = 9.3;
					};
				};
			};
			buildConfigurationList = BB467D7C209D039D008E2331 /* Build configuration list for PBXProject "DySi Open" */;
			compatibilityVersion = "Xcode 9.3";
			developmentRegion = en;
			hasScannedForEncodings = 0;
			knownRegions = (
				en,
				Base,
			);
			mainGroup = BB467D78209D039D008E2331;
			productRefGroup = BB467D82209D039D008E2331 /* Products */;
			projectDirPath = "";
			projectRoot = "";
			targets = (
				BB467D80209D039D008E2331 /* DySi Open */,
			);
		};
/* End PBXProject section */

/* Begin PBXResourcesBuildPhase section */
		BB467D7F209D039D008E2331 /* Resources */ = {
			isa = PBXResourcesBuildPhase;
			buildActionMask = 2147483647;
			files = (
				BB467D8F209D039E008E2331 /* LaunchScreen.storyboard in Resources */,
				BB467D8C209D039E008E2331 /* Assets.xcassets in Resources */,
			);
			runOnlyForDeploymentPostprocessing = 0;
		};
/* End PBXResourcesBuildPhase section */

/* Begin PBXShellScriptBuildPhase section */
		2F1DCAAD98EDB7D2C2D905C7 /* [CP] Copy Pods Resources */ = {
			isa = PBXShellScriptBuildPhase;
			buildActionMask = 2147483647;
			files = (
			);
			inputPaths = (
			);
			name = "[CP] Copy Pods Resources";
			outputPaths = (
			);
			runOnlyForDeploymentPostprocessing = 0;
			shellPath = /bin/sh;
			shellScript = "\"${SRCROOT}/Pods/Target Support Files/Pods-DySi Open/Pods-DySi Open-resources.sh\"\n";
			showEnvVarsInLog = 0;
		};
		632C39F6B21417313336E660 /* [CP] Embed Pods Frameworks */ = {
			isa = PBXShellScriptBuildPhase;
			buildActionMask = 2147483647;
			files = (
			);
			inputPaths = (
				"${SRCROOT}/Pods/Target Support Files/Pods-DySi Open/Pods-DySi Open-frameworks.sh",
				"${BUILT_PRODUCTS_DIR}/Alamofire/Alamofire.framework",
				"${BUILT_PRODUCTS_DIR}/PINCache/PINCache.framework",
				"${BUILT_PRODUCTS_DIR}/PINOperation/PINOperation.framework",
				"${BUILT_PRODUCTS_DIR}/PINRemoteImage/PINRemoteImage.framework",
				"${BUILT_PRODUCTS_DIR}/Texture/AsyncDisplayKit.framework",
			);
			name = "[CP] Embed Pods Frameworks";
			outputPaths = (
				"${TARGET_BUILD_DIR}/${FRAMEWORKS_FOLDER_PATH}/Alamofire.framework",
				"${TARGET_BUILD_DIR}/${FRAMEWORKS_FOLDER_PATH}/PINCache.framework",
				"${TARGET_BUILD_DIR}/${FRAMEWORKS_FOLDER_PATH}/PINOperation.framework",
				"${TARGET_BUILD_DIR}/${FRAMEWORKS_FOLDER_PATH}/PINRemoteImage.framework",
				"${TARGET_BUILD_DIR}/${FRAMEWORKS_FOLDER_PATH}/AsyncDisplayKit.framework",
			);
			runOnlyForDeploymentPostprocessing = 0;
			shellPath = /bin/sh;
			shellScript = "\"${SRCROOT}/Pods/Target Support Files/Pods-DySi Open/Pods-DySi Open-frameworks.sh\"\n";
			showEnvVarsInLog = 0;
		};
		DE4660C3670ADCD96E85BEBE /* [CP] Check Pods Manifest.lock */ = {
			isa = PBXShellScriptBuildPhase;
			buildActionMask = 2147483647;
			files = (
			);
			inputPaths = (
				"${PODS_PODFILE_DIR_PATH}/Podfile.lock",
				"${PODS_ROOT}/Manifest.lock",
			);
			name = "[CP] Check Pods Manifest.lock";
			outputPaths = (
				"$(DERIVED_FILE_DIR)/Pods-DySi Open-checkManifestLockResult.txt",
			);
			runOnlyForDeploymentPostprocessing = 0;
			shellPath = /bin/sh;
			shellScript = "diff \"${PODS_PODFILE_DIR_PATH}/Podfile.lock\" \"${PODS_ROOT}/Manifest.lock\" > /dev/null\nif [ $? != 0 ] ; then\n    # print error to STDERR\n    echo \"error: The sandbox is not in sync with the Podfile.lock. Run 'pod install' or update your CocoaPods installation.\" >&2\n    exit 1\nfi\n# This output is used by Xcode 'outputs' to avoid re-running this script phase.\necho \"SUCCESS\" > \"${SCRIPT_OUTPUT_FILE_0}\"\n";
			showEnvVarsInLog = 0;
		};
/* End PBXShellScriptBuildPhase section */

/* Begin PBXSourcesBuildPhase section */
		BB467D7D209D039D008E2331 /* Sources */ = {
			isa = PBXSourcesBuildPhase;
			buildActionMask = 2147483647;
			files = (
				BB09C973209E7EB200735F83 /* AllPostsViewController.swift in Sources */,
				BBAC8FAF209F841400657561 /* UIImage.swift in Sources */,
				BBAC8FB1209F86D900657561 /* PostTableNodeCell.swift in Sources */,
				BBAC8FB5209FF31C00657561 /* UIViewController.swift in Sources */,
				BB09C975209E7F1A00735F83 /* AllPostsTableViewModel.swift in Sources */,
				BB09C971209E7D4300735F83 /* DySiPost.swift in Sources */,
				BB09C96F209E7C6100735F83 /* DySiDataManager.swift in Sources */,
				BBAC8FAC209F770300657561 /* Constants.swift in Sources */,
				BBAC8FB8209FF5AA00657561 /* Connectivity.swift in Sources */,
				BB467D85209D039D008E2331 /* AppDelegate.swift in Sources */,
				BBAC8FB3209FDEB500657561 /* PostInWebViewController.swift in Sources */,
				BB09C978209E85FF00735F83 /* DySiPostAuthor.swift in Sources */,
			);
			runOnlyForDeploymentPostprocessing = 0;
		};
/* End PBXSourcesBuildPhase section */

/* Begin PBXVariantGroup section */
		BB467D8D209D039E008E2331 /* LaunchScreen.storyboard */ = {
			isa = PBXVariantGroup;
			children = (
				BB467D8E209D039E008E2331 /* Base */,
			);
			name = LaunchScreen.storyboard;
			sourceTree = "<group>";
		};
/* End PBXVariantGroup section */

/* Begin XCBuildConfiguration section */
		BB467D91209D039E008E2331 /* Debug */ = {
			isa = XCBuildConfiguration;
			buildSettings = {
				ALWAYS_SEARCH_USER_PATHS = NO;
				CLANG_ANALYZER_NONNULL = YES;
				CLANG_ANALYZER_NUMBER_OBJECT_CONVERSION = YES_AGGRESSIVE;
				CLANG_CXX_LANGUAGE_STANDARD = "gnu++14";
				CLANG_CXX_LIBRARY = "libc++";
				CLANG_ENABLE_MODULES = YES;
				CLANG_ENABLE_OBJC_ARC = YES;
				CLANG_ENABLE_OBJC_WEAK = YES;
				CLANG_WARN_BLOCK_CAPTURE_AUTORELEASING = YES;
				CLANG_WARN_BOOL_CONVERSION = YES;
				CLANG_WARN_COMMA = YES;
				CLANG_WARN_CONSTANT_CONVERSION = YES;
				CLANG_WARN_DEPRECATED_OBJC_IMPLEMENTATIONS = YES;
				CLANG_WARN_DIRECT_OBJC_ISA_USAGE = YES_ERROR;
				CLANG_WARN_DOCUMENTATION_COMMENTS = YES;
				CLANG_WARN_EMPTY_BODY = YES;
				CLANG_WARN_ENUM_CONVERSION = YES;
				CLANG_WARN_INFINITE_RECURSION = YES;
				CLANG_WARN_INT_CONVERSION = YES;
				CLANG_WARN_NON_LITERAL_NULL_CONVERSION = YES;
				CLANG_WARN_OBJC_IMPLICIT_RETAIN_SELF = YES;
				CLANG_WARN_OBJC_LITERAL_CONVERSION = YES;
				CLANG_WARN_OBJC_ROOT_CLASS = YES_ERROR;
				CLANG_WARN_RANGE_LOOP_ANALYSIS = YES;
				CLANG_WARN_STRICT_PROTOTYPES = YES;
				CLANG_WARN_SUSPICIOUS_MOVE = YES;
				CLANG_WARN_UNGUARDED_AVAILABILITY = YES_AGGRESSIVE;
				CLANG_WARN_UNREACHABLE_CODE = YES;
				CLANG_WARN__DUPLICATE_METHOD_MATCH = YES;
				CODE_SIGN_IDENTITY = "iPhone Developer";
				COPY_PHASE_STRIP = NO;
				DEBUG_INFORMATION_FORMAT = dwarf;
				ENABLE_STRICT_OBJC_MSGSEND = YES;
				ENABLE_TESTABILITY = YES;
				GCC_C_LANGUAGE_STANDARD = gnu11;
				GCC_DYNAMIC_NO_PIC = NO;
				GCC_NO_COMMON_BLOCKS = YES;
				GCC_OPTIMIZATION_LEVEL = 0;
				GCC_PREPROCESSOR_DEFINITIONS = (
					"DEBUG=1",
					"$(inherited)",
				);
				GCC_WARN_64_TO_32_BIT_CONVERSION = YES;
				GCC_WARN_ABOUT_RETURN_TYPE = YES_ERROR;
				GCC_WARN_UNDECLARED_SELECTOR = YES;
				GCC_WARN_UNINITIALIZED_AUTOS = YES_AGGRESSIVE;
				GCC_WARN_UNUSED_FUNCTION = YES;
				GCC_WARN_UNUSED_VARIABLE = YES;
				IPHONEOS_DEPLOYMENT_TARGET = 11.3;
				MTL_ENABLE_DEBUG_INFO = YES;
				ONLY_ACTIVE_ARCH = YES;
				SDKROOT = iphoneos;
				SWIFT_ACTIVE_COMPILATION_CONDITIONS = DEBUG;
				SWIFT_OPTIMIZATION_LEVEL = "-Onone";
			};
			name = Debug;
		};
		BB467D92209D039E008E2331 /* Release */ = {
			isa = XCBuildConfiguration;
			buildSettings = {
				ALWAYS_SEARCH_USER_PATHS = NO;
				CLANG_ANALYZER_NONNULL = YES;
				CLANG_ANALYZER_NUMBER_OBJECT_CONVERSION = YES_AGGRESSIVE;
				CLANG_CXX_LANGUAGE_STANDARD = "gnu++14";
				CLANG_CXX_LIBRARY = "libc++";
				CLANG_ENABLE_MODULES = YES;
				CLANG_ENABLE_OBJC_ARC = YES;
				CLANG_ENABLE_OBJC_WEAK = YES;
				CLANG_WARN_BLOCK_CAPTURE_AUTORELEASING = YES;
				CLANG_WARN_BOOL_CONVERSION = YES;
				CLANG_WARN_COMMA = YES;
				CLANG_WARN_CONSTANT_CONVERSION = YES;
				CLANG_WARN_DEPRECATED_OBJC_IMPLEMENTATIONS = YES;
				CLANG_WARN_DIRECT_OBJC_ISA_USAGE = YES_ERROR;
				CLANG_WARN_DOCUMENTATION_COMMENTS = YES;
				CLANG_WARN_EMPTY_BODY = YES;
				CLANG_WARN_ENUM_CONVERSION = YES;
				CLANG_WARN_INFINITE_RECURSION = YES;
				CLANG_WARN_INT_CONVERSION = YES;
				CLANG_WARN_NON_LITERAL_NULL_CONVERSION = YES;
				CLANG_WARN_OBJC_IMPLICIT_RETAIN_SELF = YES;
				CLANG_WARN_OBJC_LITERAL_CONVERSION = YES;
				CLANG_WARN_OBJC_ROOT_CLASS = YES_ERROR;
				CLANG_WARN_RANGE_LOOP_ANALYSIS = YES;
				CLANG_WARN_STRICT_PROTOTYPES = YES;
				CLANG_WARN_SUSPICIOUS_MOVE = YES;
				CLANG_WARN_UNGUARDED_AVAILABILITY = YES_AGGRESSIVE;
				CLANG_WARN_UNREACHABLE_CODE = YES;
				CLANG_WARN__DUPLICATE_METHOD_MATCH = YES;
				CODE_SIGN_IDENTITY = "iPhone Developer";
				COPY_PHASE_STRIP = NO;
				DEBUG_INFORMATION_FORMAT = "dwarf-with-dsym";
				ENABLE_NS_ASSERTIONS = NO;
				ENABLE_STRICT_OBJC_MSGSEND = YES;
				GCC_C_LANGUAGE_STANDARD = gnu11;
				GCC_NO_COMMON_BLOCKS = YES;
				GCC_WARN_64_TO_32_BIT_CONVERSION = YES;
				GCC_WARN_ABOUT_RETURN_TYPE = YES_ERROR;
				GCC_WARN_UNDECLARED_SELECTOR = YES;
				GCC_WARN_UNINITIALIZED_AUTOS = YES_AGGRESSIVE;
				GCC_WARN_UNUSED_FUNCTION = YES;
				GCC_WARN_UNUSED_VARIABLE = YES;
				IPHONEOS_DEPLOYMENT_TARGET = 11.3;
				MTL_ENABLE_DEBUG_INFO = NO;
				SDKROOT = iphoneos;
				SWIFT_COMPILATION_MODE = wholemodule;
				SWIFT_OPTIMIZATION_LEVEL = "-O";
				VALIDATE_PRODUCT = YES;
			};
			name = Release;
		};
		BB467D94209D039E008E2331 /* Debug */ = {
			isa = XCBuildConfiguration;
			baseConfigurationReference = ECB8EC86F433885CE1F38424 /* Pods-DySi Open.debug.xcconfig */;
			buildSettings = {
				ASSETCATALOG_COMPILER_APPICON_NAME = AppIcon;
				CODE_SIGN_STYLE = Automatic;
				DEVELOPMENT_TEAM = K86KHC28SR;
				INFOPLIST_FILE = "DySi Open/Info.plist";
				LD_RUNPATH_SEARCH_PATHS = (
					"$(inherited)",
					"@executable_path/Frameworks",
				);
				PRODUCT_BUNDLE_IDENTIFIER = "com.sammanapps.DySi-Open";
				PRODUCT_NAME = "$(TARGET_NAME)";
				SWIFT_VERSION = 4.0;
				TARGETED_DEVICE_FAMILY = "1,2";
			};
			name = Debug;
		};
		BB467D95209D039E008E2331 /* Release */ = {
			isa = XCBuildConfiguration;
			baseConfigurationReference = 709A63699546813020582F76 /* Pods-DySi Open.release.xcconfig */;
			buildSettings = {
				ASSETCATALOG_COMPILER_APPICON_NAME = AppIcon;
				CODE_SIGN_STYLE = Automatic;
				DEVELOPMENT_TEAM = K86KHC28SR;
				INFOPLIST_FILE = "DySi Open/Info.plist";
				LD_RUNPATH_SEARCH_PATHS = (
					"$(inherited)",
					"@executable_path/Frameworks",
				);
				PRODUCT_BUNDLE_IDENTIFIER = "com.sammanapps.DySi-Open";
				PRODUCT_NAME = "$(TARGET_NAME)";
				SWIFT_VERSION = 4.0;
				TARGETED_DEVICE_FAMILY = "1,2";
			};
			name = Release;
		};
/* End XCBuildConfiguration section */

/* Begin XCConfigurationList section */
		BB467D7C209D039D008E2331 /* Build configuration list for PBXProject "DySi Open" */ = {
			isa = XCConfigurationList;
			buildConfigurations = (
				BB467D91209D039E008E2331 /* Debug */,
				BB467D92209D039E008E2331 /* Release */,
			);
			defaultConfigurationIsVisible = 0;
			defaultConfigurationName = Release;
		};
		BB467D93209D039E008E2331 /* Build configuration list for PBXNativeTarget "DySi Open" */ = {
			isa = XCConfigurationList;
			buildConfigurations = (
				BB467D94209D039E008E2331 /* Debug */,
				BB467D95209D039E008E2331 /* Release */,
			);
			defaultConfigurationIsVisible = 0;
			defaultConfigurationName = Release;
		};
/* End XCConfigurationList section */
	};
	rootObject = BB467D79209D039D008E2331 /* Project object */;
}
